<?xml version="1.0" encoding="utf-8"?>
<Project ToolsVersion="4.0" xmlns="http://schemas.microsoft.com/developer/msbuild/2003">
  <ItemGroup>
    <Filter Include="Quelldateien">
      <UniqueIdentifier>{4FC737F1-C7A5-4376-A066-2A32D752A2FF}</UniqueIdentifier>
      <Extensions>cpp;c;cc;cxx;def;odl;idl;hpj;bat;asm;asmx</Extensions>
    </Filter>
    <Filter Include="Headerdateien">
      <UniqueIdentifier>{93995380-89BD-4b04-88EB-625FBE52EBFB}</UniqueIdentifier>
      <Extensions>h;hh;hpp;hxx;hm;inl;inc;xsd</Extensions>
    </Filter>
    <Filter Include="Ressourcendateien">
      <UniqueIdentifier>{67DA6AB6-F800-4c08-8B7A-83BB121AAD01}</UniqueIdentifier>
      <Extensions>rc;ico;cur;bmp;dlg;rc2;rct;bin;rgs;gif;jpg;jpeg;jpe;resx;tiff;tif;png;wav;mfcribbon-ms</Extensions>
    </Filter>
    <Filter Include="Headerdateien\glew">
      <UniqueIdentifier>{a5808778-7415-4669-babc-e6a59bd45180}</UniqueIdentifier>
    </Filter>
    <Filter Include="Quelldateien\glew">
      <UniqueIdentifier>{e5d7b887-1cfe-4800-8a03-08e416a0b4d0}</UniqueIdentifier>
    </Filter>
  </ItemGroup>
  <ItemGroup>
    <None Include="win.licenseheader" />
  </ItemGroup>
  <ItemGroup>
    <ClInclude Include="..\include\physicam\arch.h">
      <Filter>Headerdateien</Filter>
    </ClInclude>
    <ClInclude Include="..\include\physicam.h">
      <Filter>Headerdateien</Filter>
    </ClInclude>
    <ClInclude Include="..\include\physicam\transform.h">
      <Filter>Headerdateien</Filter>
    </ClInclude>
    <ClInclude Include="..\include\physicam\physicam_math.h">
      <Filter>Headerdateien</Filter>
    </ClInclude>
    <ClInclude Include="..\include\physicam\physicam_def.h">
      <Filter>Headerdateien</Filter>
    </ClInclude>
    <ClInclude Include="..\include\physicam\camera.h">
      <Filter>Headerdateien</Filter>
    </ClInclude>
    <ClInclude Include="..\include\physicam\shader.h">
      <Filter>Headerdateien</Filter>
    </ClInclude>
    <ClInclude Include="..\external\glew-1.13.0\include\GL\glew.h">
      <Filter>Headerdateien\glew</Filter>
    </ClInclude>
    <ClInclude Include="..\external\glew-1.13.0\include\GL\glxew.h">
      <Filter>Headerdateien\glew</Filter>
    </ClInclude>
    <ClInclude Include="..\external\glew-1.13.0\include\GL\wglew.h">
      <Filter>Headerdateien\glew</Filter>
    </ClInclude>
    <ClInclude Include="..\include\PhysiCam\PostProcessing.h">
      <Filter>Headerdateien</Filter>
    </ClInclude>
    <ClInclude Include="..\include\physicam\Vertex.h">
      <Filter>Headerdateien</Filter>
    </ClInclude>
    <ClInclude Include="..\include\physicam\Face.h">
      <Filter>Headerdateien</Filter>
    </ClInclude>
    <ClInclude Include="..\include\physicam\ShaderCode.h">
      <Filter>Headerdateien</Filter>
    </ClInclude>
    <ClInclude Include="..\include\Physicam\RenderTexture.h">
      <Filter>Headerdateien</Filter>
    </ClInclude>
    <ClInclude Include="..\include\Physicam\physicam_gl.h">
      <Filter>Headerdateien</Filter>
    </ClInclude>
    <ClInclude Include="..\include\physicam\Framebuffer.h">
      <Filter>Headerdateien</Filter>
    </ClInclude>
  </ItemGroup>
  <ItemGroup>
    <ClCompile Include="..\src\camera.cpp">
      <Filter>Quelldateien</Filter>
    </ClCompile>
    <ClCompile Include="..\src\transform.cpp">
      <Filter>Quelldateien</Filter>
    </ClCompile>
    <ClCompile Include="..\src\Shader.cpp">
      <Filter>Quelldateien</Filter>
    </ClCompile>
    <ClCompile Include="..\external\glew-1.13.0\src\glew.c">
      <Filter>Quelldateien\glew</Filter>
    </ClCompile>
    <ClCompile Include="..\src\PostProcessing.cpp">
      <Filter>Quelldateien</Filter>
    </ClCompile>
    <ClCompile Include="..\src\ShaderCode.cpp">
      <Filter>Quelldateien</Filter>
    </ClCompile>
    <ClCompile Include="..\src\physicam_gl.cpp">
      <Filter>Quelldateien</Filter>
    </ClCompile>
    <ClCompile Include="..\src\RenderTexture.cpp">
      <Filter>Quelldateien</Filter>
    </ClCompile>
    <ClCompile Include="..\src\Framebuffer.cpp">
      <Filter>Quelldateien</Filter>
    </ClCompile>
  </ItemGroup>
</Project>